{
  "projects": [
    {
      "projectId": "9Vr5YWkf3w7jj6SsTcCEta",
      "version": "0.11.0",
      "dependencies": {},
      "lang": "ts",
      "fileLocks": [
        {
          "assetId": "9Vr5YWkf3w7jj6SsTcCEta",
          "type": "projectCss",
          "checksum": "e1ec850476829c38b0f9b6d4f7ac446a"
        }
      ],
      "codegenVersion": "0.0.1"
    },
    {
      "projectId": "jkU633o1Cz7HrJdwdxhVHk",
      "version": "16.11.0",
      "dependencies": {},
      "lang": "ts",
      "fileLocks": [
        {
          "assetId": "jkU633o1Cz7HrJdwdxhVHk",
          "type": "projectCss",
          "checksum": "0581d4378bb1604bb5fe3f65bb0a37de"
        }
      ],
      "codegenVersion": "0.0.1"
    },
    {
      "projectId": "ohDidvG9XsCeFumugENU3J",
      "version": "6.26.0",
      "dependencies": {},
      "lang": "ts",
      "fileLocks": [
        {
          "assetId": "ohDidvG9XsCeFumugENU3J",
          "type": "projectCss",
          "checksum": "fd83b730367fdbde2c69bc6cf31c2a3c"
        },
        {
          "assetId": "ohDidvG9XsCeFumugENU3J",
          "checksum": "de0a0e65174a6a185a8f822af51c6bdd",
          "type": "globalContexts"
        }
      ],
      "codegenVersion": "0.0.1"
    },
    {
      "projectId": "ExVE5BTo7uCtu4JaRbAcL",
      "version": "latest",
      "dependencies": {
        "ohDidvG9XsCeFumugENU3J": "6.26.0",
        "jkU633o1Cz7HrJdwdxhVHk": "16.11.0",
        "9Vr5YWkf3w7jj6SsTcCEta": "0.11.0",
        "hsyJcmBceSfPzvvXzVTuk7": "0.1.0"
      },
      "lang": "ts",
      "fileLocks": [
        {
          "type": "globalVariant",
          "assetId": "_YSn4vdlQm-X",
          "checksum": "ee78ca61fc951dc4f2f73e7775b0daac"
        },
        {
          "assetId": "ExVE5BTo7uCtu4JaRbAcL",
          "checksum": "233f26dca50350e10aae51a4b04e840b",
          "type": "globalContexts"
        },
        {
          "type": "renderModule",
          "assetId": "Ej3yQqS8sPyG",
          "checksum": "0fc38b19b4de9f55acd8a3af3459182b"
        },
        {
          "type": "cssRules",
          "assetId": "Ej3yQqS8sPyG",
          "checksum": "0fc38b19b4de9f55acd8a3af3459182b"
        },
        {
          "type": "renderModule",
          "assetId": "Cl1YL8qlLped",
          "checksum": "8921b53e09eae56d1c709f0233bf84bd"
        },
        {
          "type": "cssRules",
          "assetId": "Cl1YL8qlLped",
          "checksum": "8921b53e09eae56d1c709f0233bf84bd"
        },
        {
          "type": "icon",
          "assetId": "ZOSPnHvCUGx_",
          "checksum": "65bf5d9dc9289357a217fda053bc120d"
        },
        {
          "type": "icon",
          "assetId": "TmQYRVW8iDlZ",
          "checksum": "f4ee2f04b2da5efed51a6611976754f2"
        },
        {
          "type": "renderModule",
          "assetId": "o5fo0gFBSJDv",
          "checksum": "381a5e6766024bea9f9a3504e9f2d9a4"
        },
        {
          "type": "cssRules",
          "assetId": "o5fo0gFBSJDv",
          "checksum": "381a5e6766024bea9f9a3504e9f2d9a4"
        },
        {
          "assetId": "ExVE5BTo7uCtu4JaRbAcL",
          "type": "projectCss",
          "checksum": "3bbcb719c2a57e4d7828159c81de9baf"
        }
      ],
      "codegenVersion": "0.0.1"
    },
    {
      "projectId": "hsyJcmBceSfPzvvXzVTuk7",
      "version": "0.1.0",
      "dependencies": {},
      "lang": "ts",
      "fileLocks": [
        {
          "assetId": "hsyJcmBceSfPzvvXzVTuk7",
          "type": "projectCss",
          "checksum": "e1ec850476829c38b0f9b6d4f7ac446a"
        }
      ],
      "codegenVersion": "0.0.1"
    }
  ],
  "cliVersion": "0.1.331"
}
